
Microsoft Visual Studio Solution File, Format Version 11.00
# Visual Studio 2010
Project("{FAE04EC0-301F-11D3-BF4B-00C04F79EFBC}") = "SoftLattice.Core", "SoftLattice.Core\SoftLattice.Core.csproj", "{16B55A43-858C-48CB-9684-C4D30C0C390D}"
EndProject
Project("{FAE04EC0-301F-11D3-BF4B-00C04F79EFBC}") = "SoftLattice.Tests", "SoftLattice.Tests\SoftLattice.Tests.csproj", "{879BDB68-CA76-4EF1-AED2-165C95FEB9F9}"
EndProject
Project("{2150E333-8FDC-42A3-9474-1A3956D46DE8}") = "common", "common", "{351FF96B-F2B6-4802-9E53-6226B34A57A9}"
	ProjectSection(SolutionItems) = preProject
		CommonAssemblyInfo.cs = CommonAssemblyInfo.cs
	EndProjectSection
EndProject
Project("{FAE04EC0-301F-11D3-BF4B-00C04F79EFBC}") = "SoftLattice.Common", "SoftLattice.Common\SoftLattice.Common.csproj", "{C142B92D-47BA-491F-8771-C10CAAB7FEA3}"
EndProject
Project("{FAE04EC0-301F-11D3-BF4B-00C04F79EFBC}") = "SoftLattice.PluginA", "SoftLattice.PluginA\SoftLattice.PluginA.csproj", "{898310A8-4166-4767-A196-FC75659AF2C9}"
EndProject
Project("{2150E333-8FDC-42A3-9474-1A3956D46DE8}") = "PluginsForTesting", "PluginsForTesting", "{8733DAF0-6E3B-4F3C-93D1-B897C966A13B}"
EndProject
Project("{2150E333-8FDC-42A3-9474-1A3956D46DE8}") = "Themes", "Themes", "{E88E9849-2A25-4889-828D-75B568118C6D}"
EndProject
Project("{FAE04EC0-301F-11D3-BF4B-00C04F79EFBC}") = "SoftLattice.DarkTheme", "SoftLattice.DarkTheme\SoftLattice.DarkTheme.csproj", "{5C8D58FF-1E0F-4F87-89EC-20EDC05DE093}"
EndProject
Project("{FAE04EC0-301F-11D3-BF4B-00C04F79EFBC}") = "SoftLattice.Enhancements", "SoftLattice.Enhancements\SoftLattice.Enhancements.csproj", "{AD97A59B-E969-4821-92A5-288D2BE91C76}"
EndProject
Global
	GlobalSection(SolutionConfigurationPlatforms) = preSolution
		Debug|Any CPU = Debug|Any CPU
		Debug|Mixed Platforms = Debug|Mixed Platforms
		Debug|x86 = Debug|x86
		Release|Any CPU = Release|Any CPU
		Release|Mixed Platforms = Release|Mixed Platforms
		Release|x86 = Release|x86
	EndGlobalSection
	GlobalSection(ProjectConfigurationPlatforms) = postSolution
		{16B55A43-858C-48CB-9684-C4D30C0C390D}.Debug|Any CPU.ActiveCfg = Debug|x86
		{16B55A43-858C-48CB-9684-C4D30C0C390D}.Debug|Mixed Platforms.ActiveCfg = Debug|Any CPU
		{16B55A43-858C-48CB-9684-C4D30C0C390D}.Debug|Mixed Platforms.Build.0 = Debug|Any CPU
		{16B55A43-858C-48CB-9684-C4D30C0C390D}.Debug|x86.ActiveCfg = Debug|x86
		{16B55A43-858C-48CB-9684-C4D30C0C390D}.Debug|x86.Build.0 = Debug|x86
		{16B55A43-858C-48CB-9684-C4D30C0C390D}.Release|Any CPU.ActiveCfg = Release|x86
		{16B55A43-858C-48CB-9684-C4D30C0C390D}.Release|Mixed Platforms.ActiveCfg = Release|x86
		{16B55A43-858C-48CB-9684-C4D30C0C390D}.Release|Mixed Platforms.Build.0 = Release|x86
		{16B55A43-858C-48CB-9684-C4D30C0C390D}.Release|x86.ActiveCfg = Release|x86
		{16B55A43-858C-48CB-9684-C4D30C0C390D}.Release|x86.Build.0 = Release|x86
		{879BDB68-CA76-4EF1-AED2-165C95FEB9F9}.Debug|Any CPU.ActiveCfg = Debug|Any CPU
		{879BDB68-CA76-4EF1-AED2-165C95FEB9F9}.Debug|Any CPU.Build.0 = Debug|Any CPU
		{879BDB68-CA76-4EF1-AED2-165C95FEB9F9}.Debug|Mixed Platforms.ActiveCfg = Debug|Any CPU
		{879BDB68-CA76-4EF1-AED2-165C95FEB9F9}.Debug|Mixed Platforms.Build.0 = Debug|Any CPU
		{879BDB68-CA76-4EF1-AED2-165C95FEB9F9}.Debug|x86.ActiveCfg = Debug|Any CPU
		{879BDB68-CA76-4EF1-AED2-165C95FEB9F9}.Release|Any CPU.ActiveCfg = Release|Any CPU
		{879BDB68-CA76-4EF1-AED2-165C95FEB9F9}.Release|Any CPU.Build.0 = Release|Any CPU
		{879BDB68-CA76-4EF1-AED2-165C95FEB9F9}.Release|Mixed Platforms.ActiveCfg = Release|Any CPU
		{879BDB68-CA76-4EF1-AED2-165C95FEB9F9}.Release|Mixed Platforms.Build.0 = Release|Any CPU
		{879BDB68-CA76-4EF1-AED2-165C95FEB9F9}.Release|x86.ActiveCfg = Release|Any CPU
		{C142B92D-47BA-491F-8771-C10CAAB7FEA3}.Debug|Any CPU.ActiveCfg = Debug|Any CPU
		{C142B92D-47BA-491F-8771-C10CAAB7FEA3}.Debug|Any CPU.Build.0 = Debug|Any CPU
		{C142B92D-47BA-491F-8771-C10CAAB7FEA3}.Debug|Mixed Platforms.ActiveCfg = Debug|Any CPU
		{C142B92D-47BA-491F-8771-C10CAAB7FEA3}.Debug|Mixed Platforms.Build.0 = Debug|Any CPU
		{C142B92D-47BA-491F-8771-C10CAAB7FEA3}.Debug|x86.ActiveCfg = Debug|Any CPU
		{C142B92D-47BA-491F-8771-C10CAAB7FEA3}.Release|Any CPU.ActiveCfg = Release|Any CPU
		{C142B92D-47BA-491F-8771-C10CAAB7FEA3}.Release|Any CPU.Build.0 = Release|Any CPU
		{C142B92D-47BA-491F-8771-C10CAAB7FEA3}.Release|Mixed Platforms.ActiveCfg = Release|Any CPU
		{C142B92D-47BA-491F-8771-C10CAAB7FEA3}.Release|Mixed Platforms.Build.0 = Release|Any CPU
		{C142B92D-47BA-491F-8771-C10CAAB7FEA3}.Release|x86.ActiveCfg = Release|Any CPU
		{898310A8-4166-4767-A196-FC75659AF2C9}.Debug|Any CPU.ActiveCfg = Debug|Any CPU
		{898310A8-4166-4767-A196-FC75659AF2C9}.Debug|Any CPU.Build.0 = Debug|Any CPU
		{898310A8-4166-4767-A196-FC75659AF2C9}.Debug|Mixed Platforms.ActiveCfg = Debug|Any CPU
		{898310A8-4166-4767-A196-FC75659AF2C9}.Debug|Mixed Platforms.Build.0 = Debug|Any CPU
		{898310A8-4166-4767-A196-FC75659AF2C9}.Debug|x86.ActiveCfg = Debug|Any CPU
		{898310A8-4166-4767-A196-FC75659AF2C9}.Release|Any CPU.ActiveCfg = Release|Any CPU
		{898310A8-4166-4767-A196-FC75659AF2C9}.Release|Any CPU.Build.0 = Release|Any CPU
		{898310A8-4166-4767-A196-FC75659AF2C9}.Release|Mixed Platforms.ActiveCfg = Release|Any CPU
		{898310A8-4166-4767-A196-FC75659AF2C9}.Release|Mixed Platforms.Build.0 = Release|Any CPU
		{898310A8-4166-4767-A196-FC75659AF2C9}.Release|x86.ActiveCfg = Release|Any CPU
		{5C8D58FF-1E0F-4F87-89EC-20EDC05DE093}.Debug|Any CPU.ActiveCfg = Debug|Any CPU
		{5C8D58FF-1E0F-4F87-89EC-20EDC05DE093}.Debug|Any CPU.Build.0 = Debug|Any CPU
		{5C8D58FF-1E0F-4F87-89EC-20EDC05DE093}.Debug|Mixed Platforms.ActiveCfg = Debug|Any CPU
		{5C8D58FF-1E0F-4F87-89EC-20EDC05DE093}.Debug|Mixed Platforms.Build.0 = Debug|Any CPU
		{5C8D58FF-1E0F-4F87-89EC-20EDC05DE093}.Debug|x86.ActiveCfg = Debug|Any CPU
		{5C8D58FF-1E0F-4F87-89EC-20EDC05DE093}.Release|Any CPU.ActiveCfg = Release|Any CPU
		{5C8D58FF-1E0F-4F87-89EC-20EDC05DE093}.Release|Any CPU.Build.0 = Release|Any CPU
		{5C8D58FF-1E0F-4F87-89EC-20EDC05DE093}.Release|Mixed Platforms.ActiveCfg = Release|Any CPU
		{5C8D58FF-1E0F-4F87-89EC-20EDC05DE093}.Release|Mixed Platforms.Build.0 = Release|Any CPU
		{5C8D58FF-1E0F-4F87-89EC-20EDC05DE093}.Release|x86.ActiveCfg = Release|Any CPU
		{AD97A59B-E969-4821-92A5-288D2BE91C76}.Debug|Any CPU.ActiveCfg = Debug|Any CPU
		{AD97A59B-E969-4821-92A5-288D2BE91C76}.Debug|Any CPU.Build.0 = Debug|Any CPU
		{AD97A59B-E969-4821-92A5-288D2BE91C76}.Debug|Mixed Platforms.ActiveCfg = Debug|Any CPU
		{AD97A59B-E969-4821-92A5-288D2BE91C76}.Debug|Mixed Platforms.Build.0 = Debug|Any CPU
		{AD97A59B-E969-4821-92A5-288D2BE91C76}.Debug|x86.ActiveCfg = Debug|Any CPU
		{AD97A59B-E969-4821-92A5-288D2BE91C76}.Release|Any CPU.ActiveCfg = Release|Any CPU
		{AD97A59B-E969-4821-92A5-288D2BE91C76}.Release|Any CPU.Build.0 = Release|Any CPU
		{AD97A59B-E969-4821-92A5-288D2BE91C76}.Release|Mixed Platforms.ActiveCfg = Release|Any CPU
		{AD97A59B-E969-4821-92A5-288D2BE91C76}.Release|Mixed Platforms.Build.0 = Release|Any CPU
		{AD97A59B-E969-4821-92A5-288D2BE91C76}.Release|x86.ActiveCfg = Release|Any CPU
	EndGlobalSection
	GlobalSection(SolutionProperties) = preSolution
		HideSolutionNode = FALSE
	EndGlobalSection
	GlobalSection(NestedProjects) = preSolution
		{898310A8-4166-4767-A196-FC75659AF2C9} = {8733DAF0-6E3B-4F3C-93D1-B897C966A13B}
		{5C8D58FF-1E0F-4F87-89EC-20EDC05DE093} = {E88E9849-2A25-4889-828D-75B568118C6D}
	EndGlobalSection
EndGlobal
